{
  "requires": true,
  "lockfileVersion": 1,
  "dependencies": {
    "moment": {
      "version": "2.29.1",
      "resolved": "https://registry.npmjs.org/moment/-/moment-2.29.1.tgz",
      "integrity": "sha512-kHmoybcPV8Sqy59DwNDY3Jefr64lK/by/da0ViFcuA4DH0vQg5Q6Ze5VimxkfQNSC+Mls/Kx53s7TjP1RhFEDQ=="
    },
    "moment-timezone": {
      "version": "0.5.32",
      "resolved": "https://registry.npmjs.org/moment-timezone/-/moment-timezone-0.5.32.tgz",
      "integrity": "sha512-Z8QNyuQHQAmWucp8Knmgei8YNo28aLjJq6Ma+jy1ZSpSk5nyfRT8xgUbSQvD2+2UajISfenndwvFuH3NGS+nvA==",
      "requires": {
        "moment": ">= 2.9.0"
      }
    },
    "react-native-localize": {
      "version": "2.0.1",
      "resolved": "https://registry.npmjs.org/react-native-localize/-/react-native-localize-2.0.1.tgz",
      "integrity": "sha512-Tuf26iH7/pHd+yCAORD2EPLhkHdGTMEUXMiiKb4Pz69dE48R7C+MA30EqubE6qTlvAs6gHM+2E5dzLAxcGH5UA=="
    }
  }
}
